
Microsoft Visual Studio Solution File, Format Version 12.00
# Visual Studio Version 17
VisualStudioVersion = 17.1.32210.238
MinimumVisualStudioVersion = 10.0.40219.1
Project("{9A19103F-16F7-4668-BE54-9A1E7A4F7556}") = "ImageTextExtraction", "ImageTextExtraction.csproj", "{6CF7880B-174C-4988-A9CF-117619227940}"
EndProject
Global
	GlobalSection(SolutionConfigurationPlatforms) = preSolution
		Debug|Any CPU = Debug|Any CPU
		Release|Any CPU = Release|Any CPU
	EndGlobalSection
	GlobalSection(ProjectConfigurationPlatforms) = postSolution
		{6CF7880B-174C-4988-A9CF-117619227940}.Debug|Any CPU.ActiveCfg = Debug|Any CPU
		{6CF7880B-174C-4988-A9CF-117619227940}.Debug|Any CPU.Build.0 = Debug|Any CPU
		{6CF7880B-174C-4988-A9CF-117619227940}.Release|Any CPU.ActiveCfg = Release|Any CPU
		{6CF7880B-174C-4988-A9CF-117619227940}.Release|Any CPU.Build.0 = Release|Any CPU
	EndGlobalSection
	GlobalSection(SolutionProperties) = preSolution
		HideSolutionNode = FALSE
	EndGlobalSection
	GlobalSection(ExtensibilityGlobals) = postSolution
		SolutionGuid = {D882C315-0BE0-4F09-8960-578F31F491FD}
	EndGlobalSection
EndGlobal
